
Microsoft Visual Studio Solution File, Format Version 12.00
# Visual Studio 15
VisualStudioVersion = 15.0.27130.2024
MinimumVisualStudioVersion = 10.0.40219.1
Project("{FAE04EC0-301F-11D3-BF4B-00C04F79EFBC}") = "Cliente", "Cliente\Cliente.csproj", "{B36CF78E-150C-4A91-A40E-AEF1A8488C72}"
EndProject
Project("{FAE04EC0-301F-11D3-BF4B-00C04F79EFBC}") = "Server", "Server\Server.csproj", "{2278DE46-7DD6-4B12-9DF3-2EFE73740441}"
EndProject
Global
	GlobalSection(SolutionConfigurationPlatforms) = preSolution
		Debug|Any CPU = Debug|Any CPU
		Release|Any CPU = Release|Any CPU
	EndGlobalSection
	GlobalSection(ProjectConfigurationPlatforms) = postSolution
		{B36CF78E-150C-4A91-A40E-AEF1A8488C72}.Debug|Any CPU.ActiveCfg = Debug|Any CPU
		{B36CF78E-150C-4A91-A40E-AEF1A8488C72}.Debug|Any CPU.Build.0 = Debug|Any CPU
		{B36CF78E-150C-4A91-A40E-AEF1A8488C72}.Release|Any CPU.ActiveCfg = Release|Any CPU
		{B36CF78E-150C-4A91-A40E-AEF1A8488C72}.Release|Any CPU.Build.0 = Release|Any CPU
		{2278DE46-7DD6-4B12-9DF3-2EFE73740441}.Debug|Any CPU.ActiveCfg = Debug|Any CPU
		{2278DE46-7DD6-4B12-9DF3-2EFE73740441}.Debug|Any CPU.Build.0 = Debug|Any CPU
		{2278DE46-7DD6-4B12-9DF3-2EFE73740441}.Release|Any CPU.ActiveCfg = Release|Any CPU
		{2278DE46-7DD6-4B12-9DF3-2EFE73740441}.Release|Any CPU.Build.0 = Release|Any CPU
	EndGlobalSection
	GlobalSection(SolutionProperties) = preSolution
		HideSolutionNode = FALSE
	EndGlobalSection
	GlobalSection(ExtensibilityGlobals) = postSolution
		SolutionGuid = {AFE51123-AFA2-4D2B-BF6C-240485EF3F1C}
	EndGlobalSection
	GlobalSection(TeamFoundationVersionControl) = preSolution
		SccNumberOfProjects = 3
		SccEnterpriseProvider = {4CA58AB2-18FA-4F8D-95D4-32DDF27D184C}
		SccTeamFoundationServer = https://garyvh2.visualstudio.com/
		SccLocalPath0 = .
		SccProjectUniqueName1 = Cliente\\Cliente.csproj
		SccProjectName1 = Cliente
		SccLocalPath1 = Cliente
		SccProjectUniqueName2 = Server\\Server.csproj
		SccProjectName2 = Server
		SccLocalPath2 = Server
	EndGlobalSection
EndGlobal
