
Microsoft Visual Studio Solution File, Format Version 12.00
# Visual Studio 15
VisualStudioVersion = 15.0.27130.2024
MinimumVisualStudioVersion = 10.0.40219.1
Project("{FAE04EC0-301F-11D3-BF4B-00C04F79EFBC}") = "AccesoDatos", "AccesoDatos\AccesoDatos.csproj", "{4665DBEC-DCA8-4567-944A-DCAC23184494}"
EndProject
Project("{FAE04EC0-301F-11D3-BF4B-00C04F79EFBC}") = "Cliente", "Cliente\Cliente.csproj", "{3B41295C-6869-4436-AEB1-0011A587BDFD}"
EndProject
Global
	GlobalSection(SolutionConfigurationPlatforms) = preSolution
		Debug|Any CPU = Debug|Any CPU
		Release|Any CPU = Release|Any CPU
	EndGlobalSection
	GlobalSection(ProjectConfigurationPlatforms) = postSolution
		{4665DBEC-DCA8-4567-944A-DCAC23184494}.Debug|Any CPU.ActiveCfg = Debug|Any CPU
		{4665DBEC-DCA8-4567-944A-DCAC23184494}.Debug|Any CPU.Build.0 = Debug|Any CPU
		{4665DBEC-DCA8-4567-944A-DCAC23184494}.Release|Any CPU.ActiveCfg = Release|Any CPU
		{4665DBEC-DCA8-4567-944A-DCAC23184494}.Release|Any CPU.Build.0 = Release|Any CPU
		{3B41295C-6869-4436-AEB1-0011A587BDFD}.Debug|Any CPU.ActiveCfg = Debug|Any CPU
		{3B41295C-6869-4436-AEB1-0011A587BDFD}.Debug|Any CPU.Build.0 = Debug|Any CPU
		{3B41295C-6869-4436-AEB1-0011A587BDFD}.Release|Any CPU.ActiveCfg = Release|Any CPU
		{3B41295C-6869-4436-AEB1-0011A587BDFD}.Release|Any CPU.Build.0 = Release|Any CPU
	EndGlobalSection
	GlobalSection(SolutionProperties) = preSolution
		HideSolutionNode = FALSE
	EndGlobalSection
	GlobalSection(ExtensibilityGlobals) = postSolution
		SolutionGuid = {D0E637D3-7C0A-45BE-98E6-A74C260BDCA1}
	EndGlobalSection
	GlobalSection(TeamFoundationVersionControl) = preSolution
		SccNumberOfProjects = 3
		SccEnterpriseProvider = {4CA58AB2-18FA-4F8D-95D4-32DDF27D184C}
		SccTeamFoundationServer = https://garyvh2.visualstudio.com/
		SccLocalPath0 = .
		SccProjectUniqueName1 = AccesoDatos\\AccesoDatos.csproj
		SccProjectName1 = AccesoDatos
		SccLocalPath1 = AccesoDatos
		SccProjectUniqueName2 = Cliente\\Cliente.csproj
		SccProjectName2 = Cliente
		SccLocalPath2 = Cliente
	EndGlobalSection
EndGlobal
