
Microsoft Visual Studio Solution File, Format Version 12.00
# Visual Studio 15
VisualStudioVersion = 15.0.27130.2024
MinimumVisualStudioVersion = 10.0.40219.1
Project("{FAE04EC0-301F-11D3-BF4B-00C04F79EFBC}") = "WebAPP", "WebAPP\WebAPP.csproj", "{5A36A46F-95C1-4773-842B-542D732373A7}"
EndProject
Project("{9A19103F-16F7-4668-BE54-9A1E7A4F7556}") = "SandBox", "SandBox\SandBox.csproj", "{58E7CE4B-4526-4E74-823D-BB6151E94B0C}"
EndProject
Project("{FAE04EC0-301F-11D3-BF4B-00C04F79EFBC}") = "DataAccess", "DataAccess\DataAccess.csproj", "{7E2A4F82-32E8-4209-99E7-5DF77734D433}"
EndProject
Project("{FAE04EC0-301F-11D3-BF4B-00C04F79EFBC}") = "CoreAPI", "CoreAPI\CoreAPI.csproj", "{22124B1B-F3F0-492B-AFC2-59EE40218AD2}"
EndProject
Project("{FAE04EC0-301F-11D3-BF4B-00C04F79EFBC}") = "Entities", "Entities\Entities.csproj", "{87DBD346-1EA5-4C55-8B8B-A88233713C1D}"
EndProject
Project("{FAE04EC0-301F-11D3-BF4B-00C04F79EFBC}") = "Exceptions", "Exceptions\Exceptions.csproj", "{543FAA3B-7F6F-4165-93BF-E13BA7AA5EF9}"
EndProject
Project("{FAE04EC0-301F-11D3-BF4B-00C04F79EFBC}") = "WebAPI", "WebAPI\WebAPI.csproj", "{0CE9F14E-BC50-4AE1-A76D-D9EE5154A10F}"
EndProject
Project("{2150E333-8FDC-42A3-9474-1A3956D46DE8}") = "Solution Items", "Solution Items", "{117A60B8-3555-4275-AD94-44FA4293A4E8}"
	ProjectSection(SolutionItems) = preProject
		.tfignore = .tfignore
		.nuget\Nuget.Config = .nuget\Nuget.Config
	EndProjectSection
EndProject
Project("{FAE04EC0-301F-11D3-BF4B-00C04F79EFBC}") = "Testing", "Testing\Testing.csproj", "{309EEE47-9AEC-4E4F-92FC-DAF1EB1DE95C}"
EndProject
Global
	GlobalSection(SolutionConfigurationPlatforms) = preSolution
		Debug|Any CPU = Debug|Any CPU
		Release|Any CPU = Release|Any CPU
	EndGlobalSection
	GlobalSection(ProjectConfigurationPlatforms) = postSolution
		{5A36A46F-95C1-4773-842B-542D732373A7}.Debug|Any CPU.ActiveCfg = Debug|Any CPU
		{5A36A46F-95C1-4773-842B-542D732373A7}.Debug|Any CPU.Build.0 = Debug|Any CPU
		{5A36A46F-95C1-4773-842B-542D732373A7}.Release|Any CPU.ActiveCfg = Release|Any CPU
		{5A36A46F-95C1-4773-842B-542D732373A7}.Release|Any CPU.Build.0 = Release|Any CPU
		{58E7CE4B-4526-4E74-823D-BB6151E94B0C}.Debug|Any CPU.ActiveCfg = Debug|Any CPU
		{58E7CE4B-4526-4E74-823D-BB6151E94B0C}.Debug|Any CPU.Build.0 = Debug|Any CPU
		{58E7CE4B-4526-4E74-823D-BB6151E94B0C}.Release|Any CPU.ActiveCfg = Release|Any CPU
		{58E7CE4B-4526-4E74-823D-BB6151E94B0C}.Release|Any CPU.Build.0 = Release|Any CPU
		{7E2A4F82-32E8-4209-99E7-5DF77734D433}.Debug|Any CPU.ActiveCfg = Debug|Any CPU
		{7E2A4F82-32E8-4209-99E7-5DF77734D433}.Debug|Any CPU.Build.0 = Debug|Any CPU
		{7E2A4F82-32E8-4209-99E7-5DF77734D433}.Release|Any CPU.ActiveCfg = Release|Any CPU
		{7E2A4F82-32E8-4209-99E7-5DF77734D433}.Release|Any CPU.Build.0 = Release|Any CPU
		{22124B1B-F3F0-492B-AFC2-59EE40218AD2}.Debug|Any CPU.ActiveCfg = Debug|Any CPU
		{22124B1B-F3F0-492B-AFC2-59EE40218AD2}.Debug|Any CPU.Build.0 = Debug|Any CPU
		{22124B1B-F3F0-492B-AFC2-59EE40218AD2}.Release|Any CPU.ActiveCfg = Release|Any CPU
		{22124B1B-F3F0-492B-AFC2-59EE40218AD2}.Release|Any CPU.Build.0 = Release|Any CPU
		{87DBD346-1EA5-4C55-8B8B-A88233713C1D}.Debug|Any CPU.ActiveCfg = Debug|Any CPU
		{87DBD346-1EA5-4C55-8B8B-A88233713C1D}.Debug|Any CPU.Build.0 = Debug|Any CPU
		{87DBD346-1EA5-4C55-8B8B-A88233713C1D}.Release|Any CPU.ActiveCfg = Release|Any CPU
		{87DBD346-1EA5-4C55-8B8B-A88233713C1D}.Release|Any CPU.Build.0 = Release|Any CPU
		{543FAA3B-7F6F-4165-93BF-E13BA7AA5EF9}.Debug|Any CPU.ActiveCfg = Debug|Any CPU
		{543FAA3B-7F6F-4165-93BF-E13BA7AA5EF9}.Debug|Any CPU.Build.0 = Debug|Any CPU
		{543FAA3B-7F6F-4165-93BF-E13BA7AA5EF9}.Release|Any CPU.ActiveCfg = Release|Any CPU
		{543FAA3B-7F6F-4165-93BF-E13BA7AA5EF9}.Release|Any CPU.Build.0 = Release|Any CPU
		{0CE9F14E-BC50-4AE1-A76D-D9EE5154A10F}.Debug|Any CPU.ActiveCfg = Debug|Any CPU
		{0CE9F14E-BC50-4AE1-A76D-D9EE5154A10F}.Debug|Any CPU.Build.0 = Debug|Any CPU
		{0CE9F14E-BC50-4AE1-A76D-D9EE5154A10F}.Release|Any CPU.ActiveCfg = Release|Any CPU
		{0CE9F14E-BC50-4AE1-A76D-D9EE5154A10F}.Release|Any CPU.Build.0 = Release|Any CPU
		{309EEE47-9AEC-4E4F-92FC-DAF1EB1DE95C}.Debug|Any CPU.ActiveCfg = Debug|Any CPU
		{309EEE47-9AEC-4E4F-92FC-DAF1EB1DE95C}.Debug|Any CPU.Build.0 = Debug|Any CPU
		{309EEE47-9AEC-4E4F-92FC-DAF1EB1DE95C}.Release|Any CPU.ActiveCfg = Release|Any CPU
		{309EEE47-9AEC-4E4F-92FC-DAF1EB1DE95C}.Release|Any CPU.Build.0 = Release|Any CPU
	EndGlobalSection
	GlobalSection(SolutionProperties) = preSolution
		HideSolutionNode = FALSE
	EndGlobalSection
	GlobalSection(ExtensibilityGlobals) = postSolution
		SolutionGuid = {D054E018-7ECD-4FCD-815D-90DB883B1DFD}
	EndGlobalSection
	GlobalSection(TeamFoundationVersionControl) = preSolution
		SccNumberOfProjects = 9
		SccEnterpriseProvider = {4CA58AB2-18FA-4F8D-95D4-32DDF27D184C}
		SccTeamFoundationServer = https://cenfoproyecto2.visualstudio.com/
		SccLocalPath0 = .
		SccProjectUniqueName1 = CoreAPI\\CoreAPI.csproj
		SccProjectName1 = CoreAPI
		SccLocalPath1 = CoreAPI
		SccProjectUniqueName2 = DataAccess\\DataAccess.csproj
		SccProjectName2 = DataAccess
		SccLocalPath2 = DataAccess
		SccProjectUniqueName3 = Entities\\Entities.csproj
		SccProjectName3 = Entities
		SccLocalPath3 = Entities
		SccProjectUniqueName4 = Exceptions\\Exceptions.csproj
		SccProjectName4 = Exceptions
		SccLocalPath4 = Exceptions
		SccProjectUniqueName5 = SandBox\\SandBox.csproj
		SccProjectName5 = SandBox
		SccLocalPath5 = SandBox
		SccProjectUniqueName6 = WebAPI\\WebAPI.csproj
		SccProjectName6 = WebAPI
		SccLocalPath6 = WebAPI
		SccProjectUniqueName7 = WebAPP\\WebAPP.csproj
		SccProjectName7 = WebAPP
		SccLocalPath7 = WebAPP
		SccProjectUniqueName8 = Testing\\Testing.csproj
		SccProjectName8 = Testing
		SccLocalPath8 = Testing
	EndGlobalSection
EndGlobal
